
Microsoft Visual Studio Solution File, Format Version 12.00
# Visual Studio Version 16
VisualStudioVersion = 16.0.29326.143
MinimumVisualStudioVersion = 10.0.40219.1
Project("{FAE04EC0-301F-11D3-BF4B-00C04F79EFBC}") = "Enterprice Application Development", "Enterprice Application Development\Enterprice Application Development.csproj", "{F5CBE6F2-D09B-4B09-AC3C-F7DE6FFE279A}"
EndProject
Global
	GlobalSection(SolutionConfigurationPlatforms) = preSolution
		Debug|Any CPU = Debug|Any CPU
		Release|Any CPU = Release|Any CPU
	EndGlobalSection
	GlobalSection(ProjectConfigurationPlatforms) = postSolution
		{F5CBE6F2-D09B-4B09-AC3C-F7DE6FFE279A}.Debug|Any CPU.ActiveCfg = Debug|Any CPU
		{F5CBE6F2-D09B-4B09-AC3C-F7DE6FFE279A}.Debug|Any CPU.Build.0 = Debug|Any CPU
		{F5CBE6F2-D09B-4B09-AC3C-F7DE6FFE279A}.Release|Any CPU.ActiveCfg = Release|Any CPU
		{F5CBE6F2-D09B-4B09-AC3C-F7DE6FFE279A}.Release|Any CPU.Build.0 = Release|Any CPU
	EndGlobalSection
	GlobalSection(SolutionProperties) = preSolution
		HideSolutionNode = FALSE
	EndGlobalSection
	GlobalSection(ExtensibilityGlobals) = postSolution
		SolutionGuid = {BF054873-AB52-4D61-BF59-DE89D2581D87}
	EndGlobalSection
EndGlobal
